
Microsoft Visual Studio Solution File, Format Version 12.00
# Visual Studio Version 17
VisualStudioVersion = 17.0.31903.59
MinimumVisualStudioVersion = 10.0.40219.1
Project("{2150E333-8FDC-42A3-9474-1A3956D46DE8}") = "src", "src", "{512D33A8-F7F2-4698-8FFA-EFD764570837}"
EndProject
Project("{FAE04EC0-301F-11D3-BF4B-00C04F79EFBC}") = "QrScan.Core", "src\QrScan.Core\QrScan.Core.csproj", "{5802620A-83FE-404B-A04E-F9D5F8181EBD}"
EndProject
Project("{FAE04EC0-301F-11D3-BF4B-00C04F79EFBC}") = "QrScan", "src\QrScan\QrScan.csproj", "{2B7B5CFE-D264-40B8-8CFC-9442A7C4782D}"
EndProject
Project("{2150E333-8FDC-42A3-9474-1A3956D46DE8}") = "tests", "tests", "{ACC3EF2A-951A-4AF5-8324-26C441865AEE}"
EndProject
Project("{FAE04EC0-301F-11D3-BF4B-00C04F79EFBC}") = "QrScan.Core.Tests", "tests\QrScan.Core.Tests\QrScan.Core.Tests.csproj", "{DC3A4C76-677C-4F4C-892A-F3115CC6F716}"
EndProject
Project("{2150E333-8FDC-42A3-9474-1A3956D46DE8}") = "tools", "tools", "{3606BC9C-5FEA-43C7-BC5F-BF8562674C8F}"
EndProject
Project("{FAE04EC0-301F-11D3-BF4B-00C04F79EFBC}") = "OverlayWindowProbe", "tools\OverlayWindowProbe\OverlayWindowProbe.csproj", "{A0DDEB52-34C5-45BE-8AD1-35CE9E3B5755}"
EndProject
Project("{FAE04EC0-301F-11D3-BF4B-00C04F79EFBC}") = "ToastWindowProbe", "tools\ToastWindowProbe\ToastWindowProbe.csproj", "{400F1A17-993D-4CA2-A20F-3C412D43B775}"
EndProject
Project("{FAE04EC0-301F-11D3-BF4B-00C04F79EFBC}") = "ResultPresenterProbe", "tools\ResultPresenterProbe\ResultPresenterProbe.csproj", "{4A6717AE-C0E3-4EBA-8A05-0C5BA69FAC75}"
EndProject
Project("{FAE04EC0-301F-11D3-BF4B-00C04F79EFBC}") = "AppControllerProbe", "tools\AppControllerProbe\AppControllerProbe.csproj", "{5F8F6C43-67D7-4910-98BF-26B877C66FBC}"
EndProject
Project("{FAE04EC0-301F-11D3-BF4B-00C04F79EFBC}") = "StartupRepairProbe", "tools\StartupRepairProbe\StartupRepairProbe.csproj", "{E948A9E9-08BF-4E9A-9735-94542A86CA5B}"
EndProject
Project("{FAE04EC0-301F-11D3-BF4B-00C04F79EFBC}") = "HotkeyOccupancyProbe", "tools\HotkeyOccupancyProbe\HotkeyOccupancyProbe.csproj", "{0EF34CC7-BE9B-4BD2-B497-DFBD2AC85CFB}"
EndProject
Global
	GlobalSection(SolutionConfigurationPlatforms) = preSolution
		Debug|Any CPU = Debug|Any CPU
		Release|Any CPU = Release|Any CPU
	EndGlobalSection
	GlobalSection(SolutionProperties) = preSolution
		HideSolutionNode = FALSE
	EndGlobalSection
	GlobalSection(ProjectConfigurationPlatforms) = postSolution
		{5802620A-83FE-404B-A04E-F9D5F8181EBD}.Debug|Any CPU.ActiveCfg = Debug|Any CPU
		{5802620A-83FE-404B-A04E-F9D5F8181EBD}.Debug|Any CPU.Build.0 = Debug|Any CPU
		{5802620A-83FE-404B-A04E-F9D5F8181EBD}.Release|Any CPU.ActiveCfg = Release|Any CPU
		{5802620A-83FE-404B-A04E-F9D5F8181EBD}.Release|Any CPU.Build.0 = Release|Any CPU
		{2B7B5CFE-D264-40B8-8CFC-9442A7C4782D}.Debug|Any CPU.ActiveCfg = Debug|Any CPU
		{2B7B5CFE-D264-40B8-8CFC-9442A7C4782D}.Debug|Any CPU.Build.0 = Debug|Any CPU
		{2B7B5CFE-D264-40B8-8CFC-9442A7C4782D}.Release|Any CPU.ActiveCfg = Release|Any CPU
		{2B7B5CFE-D264-40B8-8CFC-9442A7C4782D}.Release|Any CPU.Build.0 = Release|Any CPU
		{DC3A4C76-677C-4F4C-892A-F3115CC6F716}.Debug|Any CPU.ActiveCfg = Debug|Any CPU
		{DC3A4C76-677C-4F4C-892A-F3115CC6F716}.Debug|Any CPU.Build.0 = Debug|Any CPU
		{DC3A4C76-677C-4F4C-892A-F3115CC6F716}.Release|Any CPU.ActiveCfg = Release|Any CPU
		{DC3A4C76-677C-4F4C-892A-F3115CC6F716}.Release|Any CPU.Build.0 = Release|Any CPU
		{A0DDEB52-34C5-45BE-8AD1-35CE9E3B5755}.Debug|Any CPU.ActiveCfg = Debug|Any CPU
		{A0DDEB52-34C5-45BE-8AD1-35CE9E3B5755}.Debug|Any CPU.Build.0 = Debug|Any CPU
		{A0DDEB52-34C5-45BE-8AD1-35CE9E3B5755}.Release|Any CPU.ActiveCfg = Release|Any CPU
		{A0DDEB52-34C5-45BE-8AD1-35CE9E3B5755}.Release|Any CPU.Build.0 = Release|Any CPU
		{400F1A17-993D-4CA2-A20F-3C412D43B775}.Debug|Any CPU.ActiveCfg = Debug|Any CPU
		{400F1A17-993D-4CA2-A20F-3C412D43B775}.Debug|Any CPU.Build.0 = Debug|Any CPU
		{400F1A17-993D-4CA2-A20F-3C412D43B775}.Release|Any CPU.ActiveCfg = Release|Any CPU
		{400F1A17-993D-4CA2-A20F-3C412D43B775}.Release|Any CPU.Build.0 = Release|Any CPU
		{4A6717AE-C0E3-4EBA-8A05-0C5BA69FAC75}.Debug|Any CPU.ActiveCfg = Debug|Any CPU
		{4A6717AE-C0E3-4EBA-8A05-0C5BA69FAC75}.Debug|Any CPU.Build.0 = Debug|Any CPU
		{4A6717AE-C0E3-4EBA-8A05-0C5BA69FAC75}.Release|Any CPU.ActiveCfg = Release|Any CPU
		{4A6717AE-C0E3-4EBA-8A05-0C5BA69FAC75}.Release|Any CPU.Build.0 = Release|Any CPU
		{5F8F6C43-67D7-4910-98BF-26B877C66FBC}.Debug|Any CPU.ActiveCfg = Debug|Any CPU
		{5F8F6C43-67D7-4910-98BF-26B877C66FBC}.Debug|Any CPU.Build.0 = Debug|Any CPU
		{5F8F6C43-67D7-4910-98BF-26B877C66FBC}.Release|Any CPU.ActiveCfg = Release|Any CPU
		{5F8F6C43-67D7-4910-98BF-26B877C66FBC}.Release|Any CPU.Build.0 = Release|Any CPU
		{E948A9E9-08BF-4E9A-9735-94542A86CA5B}.Debug|Any CPU.ActiveCfg = Debug|Any CPU
		{E948A9E9-08BF-4E9A-9735-94542A86CA5B}.Debug|Any CPU.Build.0 = Debug|Any CPU
		{E948A9E9-08BF-4E9A-9735-94542A86CA5B}.Release|Any CPU.ActiveCfg = Release|Any CPU
		{E948A9E9-08BF-4E9A-9735-94542A86CA5B}.Release|Any CPU.Build.0 = Release|Any CPU
		{0EF34CC7-BE9B-4BD2-B497-DFBD2AC85CFB}.Debug|Any CPU.ActiveCfg = Debug|Any CPU
		{0EF34CC7-BE9B-4BD2-B497-DFBD2AC85CFB}.Debug|Any CPU.Build.0 = Debug|Any CPU
		{0EF34CC7-BE9B-4BD2-B497-DFBD2AC85CFB}.Release|Any CPU.ActiveCfg = Release|Any CPU
		{0EF34CC7-BE9B-4BD2-B497-DFBD2AC85CFB}.Release|Any CPU.Build.0 = Release|Any CPU
	EndGlobalSection
	GlobalSection(NestedProjects) = preSolution
		{5802620A-83FE-404B-A04E-F9D5F8181EBD} = {512D33A8-F7F2-4698-8FFA-EFD764570837}
		{2B7B5CFE-D264-40B8-8CFC-9442A7C4782D} = {512D33A8-F7F2-4698-8FFA-EFD764570837}
		{DC3A4C76-677C-4F4C-892A-F3115CC6F716} = {ACC3EF2A-951A-4AF5-8324-26C441865AEE}
		{A0DDEB52-34C5-45BE-8AD1-35CE9E3B5755} = {3606BC9C-5FEA-43C7-BC5F-BF8562674C8F}
		{400F1A17-993D-4CA2-A20F-3C412D43B775} = {3606BC9C-5FEA-43C7-BC5F-BF8562674C8F}
		{4A6717AE-C0E3-4EBA-8A05-0C5BA69FAC75} = {3606BC9C-5FEA-43C7-BC5F-BF8562674C8F}
		{5F8F6C43-67D7-4910-98BF-26B877C66FBC} = {3606BC9C-5FEA-43C7-BC5F-BF8562674C8F}
		{E948A9E9-08BF-4E9A-9735-94542A86CA5B} = {3606BC9C-5FEA-43C7-BC5F-BF8562674C8F}
		{0EF34CC7-BE9B-4BD2-B497-DFBD2AC85CFB} = {3606BC9C-5FEA-43C7-BC5F-BF8562674C8F}
	EndGlobalSection
EndGlobal
